
Microsoft Visual Studio Solution File, Format Version 12.00
# Visual Studio 2012
Project("{FAE04EC0-301F-11D3-BF4B-00C04F79EFBC}") = "WikiLanglinks.iOS", "iOS\WikiLanglinks.iOS.csproj", "{CCFA3892-0845-457A-AD73-C23FD4C6F8A0}"
EndProject
Project("{FAE04EC0-301F-11D3-BF4B-00C04F79EFBC}") = "WikiLanglinks.Droid", "Droid\WikiLanglinks.Droid.csproj", "{A74A6BBC-1396-4608-902B-4E22F9580E8A}"
EndProject
Project("{FAE04EC0-301F-11D3-BF4B-00C04F79EFBC}") = "WikiLanglinks.Tests", "WikiLanglinks.Tests\WikiLanglinks.Tests.csproj", "{039E96BC-6A1D-4170-AD1B-3AA45454427E}"
EndProject
Project("{FAE04EC0-301F-11D3-BF4B-00C04F79EFBC}") = "WikiLanglinks.Standard", "WikiLanglinks.Standard\WikiLanglinks.Standard.csproj", "{B72B073F-F90F-48CF-97B0-0DF77A4ADE70}"
EndProject
Global
	GlobalSection(SolutionConfigurationPlatforms) = preSolution
		Debug|Any CPU = Debug|Any CPU
		Release|Any CPU = Release|Any CPU
		Debug|iPhoneSimulator = Debug|iPhoneSimulator
		Release|iPhone = Release|iPhone
		Release|iPhoneSimulator = Release|iPhoneSimulator
		Debug|iPhone = Debug|iPhone
	EndGlobalSection
	GlobalSection(ProjectConfigurationPlatforms) = postSolution
		{CCFA3892-0845-457A-AD73-C23FD4C6F8A0}.Debug|Any CPU.ActiveCfg = Debug|iPhoneSimulator
		{CCFA3892-0845-457A-AD73-C23FD4C6F8A0}.Debug|Any CPU.Build.0 = Debug|iPhoneSimulator
		{CCFA3892-0845-457A-AD73-C23FD4C6F8A0}.Release|Any CPU.ActiveCfg = Release|iPhone
		{CCFA3892-0845-457A-AD73-C23FD4C6F8A0}.Release|Any CPU.Build.0 = Release|iPhone
		{CCFA3892-0845-457A-AD73-C23FD4C6F8A0}.Debug|iPhoneSimulator.ActiveCfg = Debug|iPhoneSimulator
		{CCFA3892-0845-457A-AD73-C23FD4C6F8A0}.Debug|iPhoneSimulator.Build.0 = Debug|iPhoneSimulator
		{CCFA3892-0845-457A-AD73-C23FD4C6F8A0}.Release|iPhone.ActiveCfg = Release|iPhone
		{CCFA3892-0845-457A-AD73-C23FD4C6F8A0}.Release|iPhone.Build.0 = Release|iPhone
		{CCFA3892-0845-457A-AD73-C23FD4C6F8A0}.Release|iPhoneSimulator.ActiveCfg = Release|iPhoneSimulator
		{CCFA3892-0845-457A-AD73-C23FD4C6F8A0}.Release|iPhoneSimulator.Build.0 = Release|iPhoneSimulator
		{CCFA3892-0845-457A-AD73-C23FD4C6F8A0}.Debug|iPhone.ActiveCfg = Debug|iPhone
		{CCFA3892-0845-457A-AD73-C23FD4C6F8A0}.Debug|iPhone.Build.0 = Debug|iPhone
		{A74A6BBC-1396-4608-902B-4E22F9580E8A}.Debug|Any CPU.ActiveCfg = Debug|Any CPU
		{A74A6BBC-1396-4608-902B-4E22F9580E8A}.Debug|Any CPU.Build.0 = Debug|Any CPU
		{A74A6BBC-1396-4608-902B-4E22F9580E8A}.Release|Any CPU.ActiveCfg = Release|Any CPU
		{A74A6BBC-1396-4608-902B-4E22F9580E8A}.Release|Any CPU.Build.0 = Release|Any CPU
		{A74A6BBC-1396-4608-902B-4E22F9580E8A}.Debug|iPhoneSimulator.ActiveCfg = Debug|Any CPU
		{A74A6BBC-1396-4608-902B-4E22F9580E8A}.Debug|iPhoneSimulator.Build.0 = Debug|Any CPU
		{A74A6BBC-1396-4608-902B-4E22F9580E8A}.Release|iPhone.ActiveCfg = Release|Any CPU
		{A74A6BBC-1396-4608-902B-4E22F9580E8A}.Release|iPhone.Build.0 = Release|Any CPU
		{A74A6BBC-1396-4608-902B-4E22F9580E8A}.Release|iPhoneSimulator.ActiveCfg = Release|Any CPU
		{A74A6BBC-1396-4608-902B-4E22F9580E8A}.Release|iPhoneSimulator.Build.0 = Release|Any CPU
		{A74A6BBC-1396-4608-902B-4E22F9580E8A}.Debug|iPhone.ActiveCfg = Debug|Any CPU
		{A74A6BBC-1396-4608-902B-4E22F9580E8A}.Debug|iPhone.Build.0 = Debug|Any CPU
		{039E96BC-6A1D-4170-AD1B-3AA45454427E}.Debug|Any CPU.ActiveCfg = Debug|Any CPU
		{039E96BC-6A1D-4170-AD1B-3AA45454427E}.Debug|Any CPU.Build.0 = Debug|Any CPU
		{039E96BC-6A1D-4170-AD1B-3AA45454427E}.Release|Any CPU.ActiveCfg = Release|Any CPU
		{039E96BC-6A1D-4170-AD1B-3AA45454427E}.Release|Any CPU.Build.0 = Release|Any CPU
		{039E96BC-6A1D-4170-AD1B-3AA45454427E}.Debug|iPhoneSimulator.ActiveCfg = Debug|Any CPU
		{039E96BC-6A1D-4170-AD1B-3AA45454427E}.Debug|iPhoneSimulator.Build.0 = Debug|Any CPU
		{039E96BC-6A1D-4170-AD1B-3AA45454427E}.Release|iPhone.ActiveCfg = Release|Any CPU
		{039E96BC-6A1D-4170-AD1B-3AA45454427E}.Release|iPhone.Build.0 = Release|Any CPU
		{039E96BC-6A1D-4170-AD1B-3AA45454427E}.Release|iPhoneSimulator.ActiveCfg = Release|Any CPU
		{039E96BC-6A1D-4170-AD1B-3AA45454427E}.Release|iPhoneSimulator.Build.0 = Release|Any CPU
		{039E96BC-6A1D-4170-AD1B-3AA45454427E}.Debug|iPhone.ActiveCfg = Debug|Any CPU
		{039E96BC-6A1D-4170-AD1B-3AA45454427E}.Debug|iPhone.Build.0 = Debug|Any CPU
		{B72B073F-F90F-48CF-97B0-0DF77A4ADE70}.Debug|Any CPU.ActiveCfg = Debug|Any CPU
		{B72B073F-F90F-48CF-97B0-0DF77A4ADE70}.Debug|Any CPU.Build.0 = Debug|Any CPU
		{B72B073F-F90F-48CF-97B0-0DF77A4ADE70}.Release|Any CPU.ActiveCfg = Release|Any CPU
		{B72B073F-F90F-48CF-97B0-0DF77A4ADE70}.Release|Any CPU.Build.0 = Release|Any CPU
		{B72B073F-F90F-48CF-97B0-0DF77A4ADE70}.Debug|iPhoneSimulator.ActiveCfg = Debug|Any CPU
		{B72B073F-F90F-48CF-97B0-0DF77A4ADE70}.Debug|iPhoneSimulator.Build.0 = Debug|Any CPU
		{B72B073F-F90F-48CF-97B0-0DF77A4ADE70}.Release|iPhone.ActiveCfg = Release|Any CPU
		{B72B073F-F90F-48CF-97B0-0DF77A4ADE70}.Release|iPhone.Build.0 = Release|Any CPU
		{B72B073F-F90F-48CF-97B0-0DF77A4ADE70}.Release|iPhoneSimulator.ActiveCfg = Release|Any CPU
		{B72B073F-F90F-48CF-97B0-0DF77A4ADE70}.Release|iPhoneSimulator.Build.0 = Release|Any CPU
		{B72B073F-F90F-48CF-97B0-0DF77A4ADE70}.Debug|iPhone.ActiveCfg = Debug|Any CPU
		{B72B073F-F90F-48CF-97B0-0DF77A4ADE70}.Debug|iPhone.Build.0 = Debug|Any CPU
	EndGlobalSection
EndGlobal
